Microsoft Visual Studio Solution File, Format Version 12.00
# Visual Studio Version 17
VisualStudioVersion = 17.0.31903.59
MinimumVisualStudioVersion = 10.0.40219.1
Project("{9A19103F-16F7-4668-BE54-9A1E7A4F7556}") = "AiFoundryAgent", "src\AiFoundryAgent.csproj", "{A2FE74E1-5B8C-4366-AE0B-920A0BF8D022}"
EndProject
Project("{9A19103F-16F7-4668-BE54-9A1E7A4F7556}") = "AiFoundryAgent.Tests", "test\AiFoundryAgent.Tests.csproj", "{B74EBB3D-1F14-4C72-96A9-5B0E2A3655A4}"
EndProject
Global
	GlobalSection(SolutionConfigurationPlatforms) = preSolution
		Debug|Any CPU = Debug|Any CPU
		Release|Any CPU = Release|Any CPU
	EndGlobalSection
	GlobalSection(ProjectConfigurationPlatforms) = postSolution
		{A2FE74E1-5B8C-4366-AE0B-920A0BF8D022}.Debug|Any CPU.ActiveCfg = Debug|Any CPU
		{A2FE74E1-5B8C-4366-AE0B-920A0BF8D022}.Debug|Any CPU.Build.0 = Debug|Any CPU
		{A2FE74E1-5B8C-4366-AE0B-920A0BF8D022}.Release|Any CPU.ActiveCfg = Release|Any CPU
		{A2FE74E1-5B8C-4366-AE0B-920A0BF8D022}.Release|Any CPU.Build.0 = Release|Any CPU
		{B74EBB3D-1F14-4C72-96A9-5B0E2A3655A4}.Debug|Any CPU.ActiveCfg = Debug|Any CPU
		{B74EBB3D-1F14-4C72-96A9-5B0E2A3655A4}.Debug|Any CPU.Build.0 = Debug|Any CPU
		{B74EBB3D-1F14-4C72-96A9-5B0E2A3655A4}.Release|Any CPU.ActiveCfg = Release|Any CPU
		{B74EBB3D-1F14-4C72-96A9-5B0E2A3655A4}.Release|Any CPU.Build.0 = Release|Any CPU
	EndGlobalSection
EndGlobal